
Microsoft Visual Studio Solution File, Format Version 12.00
# Visual Studio 14
VisualStudioVersion = 14.0.24720.0
MinimumVisualStudioVersion = 10.0.40219.1
Project("{FAE04EC0-301F-11D3-BF4B-00C04F79EFBC}") = "01", "01\01.csproj", "{16A64FC0-CD26-4480-A191-04745EC7D16F}"
EndProject
Project("{FAE04EC0-301F-11D3-BF4B-00C04F79EFBC}") = "02", "02\02.csproj", "{1EDA4AF3-8A75-47DE-980D-CEB56E8973AF}"
EndProject
Global
	GlobalSection(SolutionConfigurationPlatforms) = preSolution
		Debug|Any CPU = Debug|Any CPU
		Release|Any CPU = Release|Any CPU
	EndGlobalSection
	GlobalSection(ProjectConfigurationPlatforms) = postSolution
		{16A64FC0-CD26-4480-A191-04745EC7D16F}.Debug|Any CPU.ActiveCfg = Debug|Any CPU
		{16A64FC0-CD26-4480-A191-04745EC7D16F}.Debug|Any CPU.Build.0 = Debug|Any CPU
		{16A64FC0-CD26-4480-A191-04745EC7D16F}.Release|Any CPU.ActiveCfg = Release|Any CPU
		{16A64FC0-CD26-4480-A191-04745EC7D16F}.Release|Any CPU.Build.0 = Release|Any CPU
		{1EDA4AF3-8A75-47DE-980D-CEB56E8973AF}.Debug|Any CPU.ActiveCfg = Debug|Any CPU
		{1EDA4AF3-8A75-47DE-980D-CEB56E8973AF}.Debug|Any CPU.Build.0 = Debug|Any CPU
		{1EDA4AF3-8A75-47DE-980D-CEB56E8973AF}.Release|Any CPU.ActiveCfg = Release|Any CPU
		{1EDA4AF3-8A75-47DE-980D-CEB56E8973AF}.Release|Any CPU.Build.0 = Release|Any CPU
	EndGlobalSection
	GlobalSection(SolutionProperties) = preSolution
		HideSolutionNode = FALSE
	EndGlobalSection
EndGlobal
